// !$*UTF8*$!
{
	archiveVersion = 1;
	classes = {
	};
	objectVersion = 56;
	objects = {

/* Begin PBXBuildFile section */
		778AD28C2A35F628008CBC63 /* Alamofire in Frameworks */ = {isa = PBXBuildFile; productRef = 778AD28B2A35F628008CBC63 /* Alamofire */; };
		778AD28F2A35F63C008CBC63 /* SwiftyJSON in Frameworks */ = {isa = PBXBuildFile; productRef = 778AD28E2A35F63C008CBC63 /* SwiftyJSON */; };
		77ADCEB72A39C93B00DEAEB8 /* ListRestaurantAPIService.swift in Sources */ = {isa = PBXBuildFile; fileRef = 77ADCEB62A39C93B00DEAEB8 /* ListRestaurantAPIService.swift */; };
		77ADCEBA2A39CA8F00DEAEB8 /* Network.swift in Sources */ = {isa = PBXBuildFile; fileRef = 77ADCEB92A39CA8F00DEAEB8 /* Network.swift */; };
		77BD6B992A4671A80027FCE6 /* ViewState.swift in Sources */ = {isa = PBXBuildFile; fileRef = 77BD6B982A4671A80027FCE6 /* ViewState.swift */; };
		77BD6B9B2A46AC530027FCE6 /* LoadingView.swift in Sources */ = {isa = PBXBuildFile; fileRef = 77BD6B9A2A46AC530027FCE6 /* LoadingView.swift */; };
		77BD6B9D2A46C08D0027FCE6 /* DetailRestaurantViewModel.swift in Sources */ = {isa = PBXBuildFile; fileRef = 77BD6B9C2A46C08D0027FCE6 /* DetailRestaurantViewModel.swift */; };
		77BD6B9F2A46C3280027FCE6 /* DetailRestaurantAPIService.swift in Sources */ = {isa = PBXBuildFile; fileRef = 77BD6B9E2A46C3280027FCE6 /* DetailRestaurantAPIService.swift */; };
		77D20E5B2A39BEBA00EA4FFF /* SDWebImageSwiftUI in Frameworks */ = {isa = PBXBuildFile; productRef = 77D20E5A2A39BEBA00EA4FFF /* SDWebImageSwiftUI */; };
		77D20E5E2A39BF8B00EA4FFF /* ListRestaurantViewModel.swift in Sources */ = {isa = PBXBuildFile; fileRef = 77D20E5D2A39BF8B00EA4FFF /* ListRestaurantViewModel.swift */; };
		77DC306C2A1DB7C8005F0BBF /* iOS_PemulaApp.swift in Sources */ = {isa = PBXBuildFile; fileRef = 77DC306B2A1DB7C8005F0BBF /* iOS_PemulaApp.swift */; };
		77DC306E2A1DB7C8005F0BBF /* ContentView.swift in Sources */ = {isa = PBXBuildFile; fileRef = 77DC306D2A1DB7C8005F0BBF /* ContentView.swift */; };
		77DC30702A1DB7C9005F0BBF /* Assets.xcassets in Resources */ = {isa = PBXBuildFile; fileRef = 77DC306F2A1DB7C9005F0BBF /* Assets.xcassets */; };
		77DC30732A1DB7C9005F0BBF /* Preview Assets.xcassets in Resources */ = {isa = PBXBuildFile; fileRef = 77DC30722A1DB7C9005F0BBF /* Preview Assets.xcassets */; };
		77DC307D2A1DB9E7005F0BBF /* ListRestaurantPage.swift in Sources */ = {isa = PBXBuildFile; fileRef = 77DC307C2A1DB9E7005F0BBF /* ListRestaurantPage.swift */; };
		77DC307F2A1DBB8F005F0BBF /* ItemListRestaurant.swift in Sources */ = {isa = PBXBuildFile; fileRef = 77DC307E2A1DBB8F005F0BBF /* ItemListRestaurant.swift */; };
		77DC30812A1DBC17005F0BBF /* DetailRestaurantPage.swift in Sources */ = {isa = PBXBuildFile; fileRef = 77DC30802A1DBC17005F0BBF /* DetailRestaurantPage.swift */; };
		77DC30832A1DBC36005F0BBF /* AboutPage.swift in Sources */ = {isa = PBXBuildFile; fileRef = 77DC30822A1DBC36005F0BBF /* AboutPage.swift */; };
		77DC30852A1DBC44005F0BBF /* ListRestaurantModel.swift in Sources */ = {isa = PBXBuildFile; fileRef = 77DC30842A1DBC44005F0BBF /* ListRestaurantModel.swift */; };
		77DC30872A1DBC5B005F0BBF /* DetailRestaurantModel.swift in Sources */ = {isa = PBXBuildFile; fileRef = 77DC30862A1DBC5B005F0BBF /* DetailRestaurantModel.swift */; };
		77E3E3262A42815E00143224 /* CustomTabBar.swift in Sources */ = {isa = PBXBuildFile; fileRef = 77E3E3252A42815E00143224 /* CustomTabBar.swift */; };
		77E3E3372A45BAEC00143224 /* TabCurve.swift in Sources */ = {isa = PBXBuildFile; fileRef = 77E3E3362A45BAEC00143224 /* TabCurve.swift */; };
/* End PBXBuildFile section */

/* Begin PBXFileReference section */
		77ADCEB62A39C93B00DEAEB8 /* ListRestaurantAPIService.swift */ = {isa = PBXFileReference; lastKnownFileType = sourcecode.swift; path = ListRestaurantAPIService.swift; sourceTree = "<group>"; };
		77ADCEB92A39CA8F00DEAEB8 /* Network.swift */ = {isa = PBXFileReference; lastKnownFileType = sourcecode.swift; path = Network.swift; sourceTree = "<group>"; };
		77BD6B982A4671A80027FCE6 /* ViewState.swift */ = {isa = PBXFileReference; lastKnownFileType = sourcecode.swift; path = ViewState.swift; sourceTree = "<group>"; };
		77BD6B9A2A46AC530027FCE6 /* LoadingView.swift */ = {isa = PBXFileReference; lastKnownFileType = sourcecode.swift; path = LoadingView.swift; sourceTree = "<group>"; };
		77BD6B9C2A46C08D0027FCE6 /* DetailRestaurantViewModel.swift */ = {isa = PBXFileReference; lastKnownFileType = sourcecode.swift; path = DetailRestaurantViewModel.swift; sourceTree = "<group>"; };
		77BD6B9E2A46C3280027FCE6 /* DetailRestaurantAPIService.swift */ = {isa = PBXFileReference; lastKnownFileType = sourcecode.swift; path = DetailRestaurantAPIService.swift; sourceTree = "<group>"; };
		77D20E5D2A39BF8B00EA4FFF /* ListRestaurantViewModel.swift */ = {isa = PBXFileReference; lastKnownFileType = sourcecode.swift; path = ListRestaurantViewModel.swift; sourceTree = "<group>"; };
		77DC30682A1DB7C8005F0BBF /* iOS-Pemula.app */ = {isa = PBXFileReference; explicitFileType = wrapper.application; includeInIndex = 0; path = "iOS-Pemula.app"; sourceTree = BUILT_PRODUCTS_DIR; };
		77DC306B2A1DB7C8005F0BBF /* iOS_PemulaApp.swift */ = {isa = PBXFileReference; lastKnownFileType = sourcecode.swift; path = iOS_PemulaApp.swift; sourceTree = "<group>"; };
		77DC306D2A1DB7C8005F0BBF /* ContentView.swift */ = {isa = PBXFileReference; lastKnownFileType = sourcecode.swift; path = ContentView.swift; sourceTree = "<group>"; };
		77DC306F2A1DB7C9005F0BBF /* Assets.xcassets */ = {isa = PBXFileReference; lastKnownFileType = folder.assetcatalog; path = Assets.xcassets; sourceTree = "<group>"; };
		77DC30722A1DB7C9005F0BBF /* Preview Assets.xcassets */ = {isa = PBXFileReference; lastKnownFileType = folder.assetcatalog; path = "Preview Assets.xcassets"; sourceTree = "<group>"; };
		77DC307C2A1DB9E7005F0BBF /* ListRestaurantPage.swift */ = {isa = PBXFileReference; lastKnownFileType = sourcecode.swift; path = ListRestaurantPage.swift; sourceTree = "<group>"; };
		77DC307E2A1DBB8F005F0BBF /* ItemListRestaurant.swift */ = {isa = PBXFileReference; lastKnownFileType = sourcecode.swift; path = ItemListRestaurant.swift; sourceTree = "<group>"; };
		77DC30802A1DBC17005F0BBF /* DetailRestaurantPage.swift */ = {isa = PBXFileReference; lastKnownFileType = sourcecode.swift; path = DetailRestaurantPage.swift; sourceTree = "<group>"; };
		77DC30822A1DBC36005F0BBF /* AboutPage.swift */ = {isa = PBXFileReference; lastKnownFileType = sourcecode.swift; path = AboutPage.swift; sourceTree = "<group>"; };
		77DC30842A1DBC44005F0BBF /* ListRestaurantModel.swift */ = {isa = PBXFileReference; lastKnownFileType = sourcecode.swift; path = ListRestaurantModel.swift; sourceTree = "<group>"; };
		77DC30862A1DBC5B005F0BBF /* DetailRestaurantModel.swift */ = {isa = PBXFileReference; lastKnownFileType = sourcecode.swift; path = DetailRestaurantModel.swift; sourceTree = "<group>"; };
		77E3E3252A42815E00143224 /* CustomTabBar.swift */ = {isa = PBXFileReference; lastKnownFileType = sourcecode.swift; path = CustomTabBar.swift; sourceTree = "<group>"; };
		77E3E3362A45BAEC00143224 /* TabCurve.swift */ = {isa = PBXFileReference; lastKnownFileType = sourcecode.swift; path = TabCurve.swift; sourceTree = "<group>"; };
/* End PBXFileReference section */

/* Begin PBXFrameworksBuildPhase section */
		77DC30652A1DB7C8005F0BBF /* Frameworks */ = {
			isa = PBXFrameworksBuildPhase;
			buildActionMask = 2147483647;
			files = (
				77D20E5B2A39BEBA00EA4FFF /* SDWebImageSwiftUI in Frameworks */,
				778AD28F2A35F63C008CBC63 /* SwiftyJSON in Frameworks */,
				778AD28C2A35F628008CBC63 /* Alamofire in Frameworks */,
			);
			runOnlyForDeploymentPostprocessing = 0;
		};
/* End PBXFrameworksBuildPhase section */

/* Begin PBXGroup section */
		77ADCEB82A39CA8100DEAEB8 /* Utils */ = {
			isa = PBXGroup;
			children = (
				77ADCEB92A39CA8F00DEAEB8 /* Network.swift */,
				77BD6B982A4671A80027FCE6 /* ViewState.swift */,
			);
			path = Utils;
			sourceTree = "<group>";
		};
		77D20E5C2A39BF4B00EA4FFF /* ViewModels */ = {
			isa = PBXGroup;
			children = (
				77D20E5D2A39BF8B00EA4FFF /* ListRestaurantViewModel.swift */,
				77BD6B9C2A46C08D0027FCE6 /* DetailRestaurantViewModel.swift */,
			);
			path = ViewModels;
			sourceTree = "<group>";
		};
		77DC305F2A1DB7C8005F0BBF = {
			isa = PBXGroup;
			children = (
				77DC306A2A1DB7C8005F0BBF /* iOS-Pemula */,
				77DC30692A1DB7C8005F0BBF /* Products */,
			);
			sourceTree = "<group>";
		};
		77DC30692A1DB7C8005F0BBF /* Products */ = {
			isa = PBXGroup;
			children = (
				77DC30682A1DB7C8005F0BBF /* iOS-Pemula.app */,
			);
			name = Products;
			sourceTree = "<group>";
		};
		77DC306A2A1DB7C8005F0BBF /* iOS-Pemula */ = {
			isa = PBXGroup;
			children = (
				77ADCEB82A39CA8100DEAEB8 /* Utils */,
				77D20E5C2A39BF4B00EA4FFF /* ViewModels */,
				77DC308A2A203FCA005F0BBF /* Services */,
				77DC307B2A1DB9D6005F0BBF /* Components */,
				77DC307A2A1DB9C8005F0BBF /* Pages */,
				77DC30792A1DB9BF005F0BBF /* Models */,
				77DC306B2A1DB7C8005F0BBF /* iOS_PemulaApp.swift */,
				77DC306D2A1DB7C8005F0BBF /* ContentView.swift */,
				77DC306F2A1DB7C9005F0BBF /* Assets.xcassets */,
				77DC30712A1DB7C9005F0BBF /* Preview Content */,
			);
			path = "iOS-Pemula";
			sourceTree = "<group>";
		};
		77DC30712A1DB7C9005F0BBF /* Preview Content */ = {
			isa = PBXGroup;
			children = (
				77DC30722A1DB7C9005F0BBF /* Preview Assets.xcassets */,
			);
			path = "Preview Content";
			sourceTree = "<group>";
		};
		77DC30792A1DB9BF005F0BBF /* Models */ = {
			isa = PBXGroup;
			children = (
				77DC30842A1DBC44005F0BBF /* ListRestaurantModel.swift */,
				77DC30862A1DBC5B005F0BBF /* DetailRestaurantModel.swift */,
			);
			path = Models;
			sourceTree = "<group>";
		};
		77DC307A2A1DB9C8005F0BBF /* Pages */ = {
			isa = PBXGroup;
			children = (
				77DC307C2A1DB9E7005F0BBF /* ListRestaurantPage.swift */,
				77DC30802A1DBC17005F0BBF /* DetailRestaurantPage.swift */,
				77DC30822A1DBC36005F0BBF /* AboutPage.swift */,
			);
			path = Pages;
			sourceTree = "<group>";
		};
		77DC307B2A1DB9D6005F0BBF /* Components */ = {
			isa = PBXGroup;
			children = (
				77DC307E2A1DBB8F005F0BBF /* ItemListRestaurant.swift */,
				77E3E3252A42815E00143224 /* CustomTabBar.swift */,
				77E3E3362A45BAEC00143224 /* TabCurve.swift */,
				77BD6B9A2A46AC530027FCE6 /* LoadingView.swift */,
			);
			path = Components;
			sourceTree = "<group>";
		};
		77DC308A2A203FCA005F0BBF /* Services */ = {
			isa = PBXGroup;
			children = (
				77ADCEB62A39C93B00DEAEB8 /* ListRestaurantAPIService.swift */,
				77BD6B9E2A46C3280027FCE6 /* DetailRestaurantAPIService.swift */,
			);
			path = Services;
			sourceTree = "<group>";
		};
/* End PBXGroup section */

/* Begin PBXNativeTarget section */
		77DC30672A1DB7C8005F0BBF /* iOS-Pemula */ = {
			isa = PBXNativeTarget;
			buildConfigurationList = 77DC30762A1DB7C9005F0BBF /* Build configuration list for PBXNativeTarget "iOS-Pemula" */;
			buildPhases = (
				77DC30642A1DB7C8005F0BBF /* Sources */,
				77DC30652A1DB7C8005F0BBF /* Frameworks */,
				77DC30662A1DB7C8005F0BBF /* Resources */,
			);
			buildRules = (
			);
			dependencies = (
			);
			name = "iOS-Pemula";
			packageProductDependencies = (
				778AD28B2A35F628008CBC63 /* Alamofire */,
				778AD28E2A35F63C008CBC63 /* SwiftyJSON */,
				77D20E5A2A39BEBA00EA4FFF /* SDWebImageSwiftUI */,
			);
			productName = "iOS-Pemula";
			productReference = 77DC30682A1DB7C8005F0BBF /* iOS-Pemula.app */;
			productType = "com.apple.product-type.application";
		};
/* End PBXNativeTarget section */

/* Begin PBXProject section */
		77DC30602A1DB7C8005F0BBF /* Project object */ = {
			isa = PBXProject;
			attributes = {
				BuildIndependentTargetsInParallel = 1;
				LastSwiftUpdateCheck = 1430;
				LastUpgradeCheck = 1430;
				TargetAttributes = {
					77DC30672A1DB7C8005F0BBF = {
						CreatedOnToolsVersion = 14.3;
					};
				};
			};
			buildConfigurationList = 77DC30632A1DB7C8005F0BBF /* Build configuration list for PBXProject "iOS-Pemula" */;
			compatibilityVersion = "Xcode 14.0";
			developmentRegion = en;
			hasScannedForEncodings = 0;
			knownRegions = (
				en,
				Base,
			);
			mainGroup = 77DC305F2A1DB7C8005F0BBF;
			packageReferences = (
				778AD28A2A35F628008CBC63 /* XCRemoteSwiftPackageReference "Alamofire" */,
				778AD28D2A35F63C008CBC63 /* XCRemoteSwiftPackageReference "SwiftyJSON" */,
				77D20E592A39BEBA00EA4FFF /* XCRemoteSwiftPackageReference "SDWebImageSwiftUI" */,
			);
			productRefGroup = 77DC30692A1DB7C8005F0BBF /* Products */;
			projectDirPath = "";
			projectRoot = "";
			targets = (
				77DC30672A1DB7C8005F0BBF /* iOS-Pemula */,
			);
		};
/* End PBXProject section */

/* Begin PBXResourcesBuildPhase section */
		77DC30662A1DB7C8005F0BBF /* Resources */ = {
			isa = PBXResourcesBuildPhase;
			buildActionMask = 2147483647;
			files = (
				77DC30732A1DB7C9005F0BBF /* Preview Assets.xcassets in Resources */,
				77DC30702A1DB7C9005F0BBF /* Assets.xcassets in Resources */,
			);
			runOnlyForDeploymentPostprocessing = 0;
		};
/* End PBXResourcesBuildPhase section */

/* Begin PBXSourcesBuildPhase section */
		77DC30642A1DB7C8005F0BBF /* Sources */ = {
			isa = PBXSourcesBuildPhase;
			buildActionMask = 2147483647;
			files = (
				77DC306E2A1DB7C8005F0BBF /* ContentView.swift in Sources */,
				77E3E3372A45BAEC00143224 /* TabCurve.swift in Sources */,
				77BD6B9F2A46C3280027FCE6 /* DetailRestaurantAPIService.swift in Sources */,
				77BD6B9D2A46C08D0027FCE6 /* DetailRestaurantViewModel.swift in Sources */,
				77BD6B992A4671A80027FCE6 /* ViewState.swift in Sources */,
				77ADCEB72A39C93B00DEAEB8 /* ListRestaurantAPIService.swift in Sources */,
				77ADCEBA2A39CA8F00DEAEB8 /* Network.swift in Sources */,
				77E3E3262A42815E00143224 /* CustomTabBar.swift in Sources */,
				77D20E5E2A39BF8B00EA4FFF /* ListRestaurantViewModel.swift in Sources */,
				77DC306C2A1DB7C8005F0BBF /* iOS_PemulaApp.swift in Sources */,
				77BD6B9B2A46AC530027FCE6 /* LoadingView.swift in Sources */,
				77DC30832A1DBC36005F0BBF /* AboutPage.swift in Sources */,
				77DC30872A1DBC5B005F0BBF /* DetailRestaurantModel.swift in Sources */,
				77DC30812A1DBC17005F0BBF /* DetailRestaurantPage.swift in Sources */,
				77DC307D2A1DB9E7005F0BBF /* ListRestaurantPage.swift in Sources */,
				77DC30852A1DBC44005F0BBF /* ListRestaurantModel.swift in Sources */,
				77DC307F2A1DBB8F005F0BBF /* ItemListRestaurant.swift in Sources */,
			);
			runOnlyForDeploymentPostprocessing = 0;
		};
/* End PBXSourcesBuildPhase section */

/* Begin XCBuildConfiguration section */
		77DC30742A1DB7C9005F0BBF /* Debug */ = {
			isa = XCBuildConfiguration;
			buildSettings = {
				ALWAYS_SEARCH_USER_PATHS = NO;
				CLANG_ANALYZER_NONNULL = YES;
				CLANG_ANALYZER_NUMBER_OBJECT_CONVERSION = YES_AGGRESSIVE;
				CLANG_CXX_LANGUAGE_STANDARD = "gnu++20";
				CLANG_ENABLE_MODULES = YES;
				CLANG_ENABLE_OBJC_ARC = YES;
				CLANG_ENABLE_OBJC_WEAK = YES;
				CLANG_WARN_BLOCK_CAPTURE_AUTORELEASING = YES;
				CLANG_WARN_BOOL_CONVERSION = YES;
				CLANG_WARN_COMMA = YES;
				CLANG_WARN_CONSTANT_CONVERSION = YES;
				CLANG_WARN_DEPRECATED_OBJC_IMPLEMENTATIONS = YES;
				CLANG_WARN_DIRECT_OBJC_ISA_USAGE = YES_ERROR;
				CLANG_WARN_DOCUMENTATION_COMMENTS = YES;
				CLANG_WARN_EMPTY_BODY = YES;
				CLANG_WARN_ENUM_CONVERSION = YES;
				CLANG_WARN_INFINITE_RECURSION = YES;
				CLANG_WARN_INT_CONVERSION = YES;
				CLANG_WARN_NON_LITERAL_NULL_CONVERSION = YES;
				CLANG_WARN_OBJC_IMPLICIT_RETAIN_SELF = YES;
				CLANG_WARN_OBJC_LITERAL_CONVERSION = YES;
				CLANG_WARN_OBJC_ROOT_CLASS = YES_ERROR;
				CLANG_WARN_QUOTED_INCLUDE_IN_FRAMEWORK_HEADER = YES;
				CLANG_WARN_RANGE_LOOP_ANALYSIS = YES;
				CLANG_WARN_STRICT_PROTOTYPES = YES;
				CLANG_WARN_SUSPICIOUS_MOVE = YES;
				CLANG_WARN_UNGUARDED_AVAILABILITY = YES_AGGRESSIVE;
				CLANG_WARN_UNREACHABLE_CODE = YES;
				CLANG_WARN__DUPLICATE_METHOD_MATCH = YES;
				COPY_PHASE_STRIP = NO;
				DEBUG_INFORMATION_FORMAT = dwarf;
				ENABLE_STRICT_OBJC_MSGSEND = YES;
				ENABLE_TESTABILITY = YES;
				GCC_C_LANGUAGE_STANDARD = gnu11;
				GCC_DYNAMIC_NO_PIC = NO;
				GCC_NO_COMMON_BLOCKS = YES;
				GCC_OPTIMIZATION_LEVEL = 0;
				GCC_PREPROCESSOR_DEFINITIONS = (
					"DEBUG=1",
					"$(inherited)",
				);
				GCC_WARN_64_TO_32_BIT_CONVERSION = YES;
				GCC_WARN_ABOUT_RETURN_TYPE = YES_ERROR;
				GCC_WARN_UNDECLARED_SELECTOR = YES;
				GCC_WARN_UNINITIALIZED_AUTOS = YES_AGGRESSIVE;
				GCC_WARN_UNUSED_FUNCTION = YES;
				GCC_WARN_UNUSED_VARIABLE = YES;
				IPHONEOS_DEPLOYMENT_TARGET = 16.4;
				MTL_ENABLE_DEBUG_INFO = INCLUDE_SOURCE;
				MTL_FAST_MATH = YES;
				ONLY_ACTIVE_ARCH = YES;
				SDKROOT = iphoneos;
				SWIFT_ACTIVE_COMPILATION_CONDITIONS = DEBUG;
				SWIFT_OPTIMIZATION_LEVEL = "-Onone";
			};
			name = Debug;
		};
		77DC30752A1DB7C9005F0BBF /* Release */ = {
			isa = XCBuildConfiguration;
			buildSettings = {
				ALWAYS_SEARCH_USER_PATHS = NO;
				CLANG_ANALYZER_NONNULL = YES;
				CLANG_ANALYZER_NUMBER_OBJECT_CONVERSION = YES_AGGRESSIVE;
				CLANG_CXX_LANGUAGE_STANDARD = "gnu++20";
				CLANG_ENABLE_MODULES = YES;
				CLANG_ENABLE_OBJC_ARC = YES;
				CLANG_ENABLE_OBJC_WEAK = YES;
				CLANG_WARN_BLOCK_CAPTURE_AUTORELEASING = YES;
				CLANG_WARN_BOOL_CONVERSION = YES;
				CLANG_WARN_COMMA = YES;
				CLANG_WARN_CONSTANT_CONVERSION = YES;
				CLANG_WARN_DEPRECATED_OBJC_IMPLEMENTATIONS = YES;
				CLANG_WARN_DIRECT_OBJC_ISA_USAGE = YES_ERROR;
				CLANG_WARN_DOCUMENTATION_COMMENTS = YES;
				CLANG_WARN_EMPTY_BODY = YES;
				CLANG_WARN_ENUM_CONVERSION = YES;
				CLANG_WARN_INFINITE_RECURSION = YES;
				CLANG_WARN_INT_CONVERSION = YES;
				CLANG_WARN_NON_LITERAL_NULL_CONVERSION = YES;
				CLANG_WARN_OBJC_IMPLICIT_RETAIN_SELF = YES;
				CLANG_WARN_OBJC_LITERAL_CONVERSION = YES;
				CLANG_WARN_OBJC_ROOT_CLASS = YES_ERROR;
				CLANG_WARN_QUOTED_INCLUDE_IN_FRAMEWORK_HEADER = YES;
				CLANG_WARN_RANGE_LOOP_ANALYSIS = YES;
				CLANG_WARN_STRICT_PROTOTYPES = YES;
				CLANG_WARN_SUSPICIOUS_MOVE = YES;
				CLANG_WARN_UNGUARDED_AVAILABILITY = YES_AGGRESSIVE;
				CLANG_WARN_UNREACHABLE_CODE = YES;
				CLANG_WARN__DUPLICATE_METHOD_MATCH = YES;
				COPY_PHASE_STRIP = NO;
				DEBUG_INFORMATION_FORMAT = "dwarf-with-dsym";
				ENABLE_NS_ASSERTIONS = NO;
				ENABLE_STRICT_OBJC_MSGSEND = YES;
				GCC_C_LANGUAGE_STANDARD = gnu11;
				GCC_NO_COMMON_BLOCKS = YES;
				GCC_WARN_64_TO_32_BIT_CONVERSION = YES;
				GCC_WARN_ABOUT_RETURN_TYPE = YES_ERROR;
				GCC_WARN_UNDECLARED_SELECTOR = YES;
				GCC_WARN_UNINITIALIZED_AUTOS = YES_AGGRESSIVE;
				GCC_WARN_UNUSED_FUNCTION = YES;
				GCC_WARN_UNUSED_VARIABLE = YES;
				IPHONEOS_DEPLOYMENT_TARGET = 16.4;
				MTL_ENABLE_DEBUG_INFO = NO;
				MTL_FAST_MATH = YES;
				SDKROOT = iphoneos;
				SWIFT_COMPILATION_MODE = wholemodule;
				SWIFT_OPTIMIZATION_LEVEL = "-O";
				VALIDATE_PRODUCT = YES;
			};
			name = Release;
		};
		77DC30772A1DB7C9005F0BBF /* Debug */ = {
			isa = XCBuildConfiguration;
			buildSettings = {
				ASSETCATALOG_COMPILER_APPICON_NAME = AppIcon;
				ASSETCATALOG_COMPILER_GLOBAL_ACCENT_COLOR_NAME = AccentColor;
				CODE_SIGN_STYLE = Automatic;
				CURRENT_PROJECT_VERSION = 1;
				DEVELOPMENT_ASSET_PATHS = "\"iOS-Pemula/Preview Content\"";
				DEVELOPMENT_TEAM = DYXBWDG6F4;
				ENABLE_PREVIEWS = YES;
				GENERATE_INFOPLIST_FILE = YES;
				INFOPLIST_KEY_UIApplicationSceneManifest_Generation = YES;
				INFOPLIST_KEY_UIApplicationSupportsIndirectInputEvents = YES;
				INFOPLIST_KEY_UILaunchScreen_Generation = YES;
				INFOPLIST_KEY_UISupportedInterfaceOrientations_iPad = "UIInterfaceOrientationPortrait UIInterfaceOrientationPortraitUpsideDown UIInterfaceOrientationLandscapeLeft UIInterfaceOrientationLandscapeRight";
				INFOPLIST_KEY_UISupportedInterfaceOrientations_iPhone = "UIInterfaceOrientationPortrait UIInterfaceOrientationLandscapeLeft UIInterfaceOrientationLandscapeRight";
				LD_RUNPATH_SEARCH_PATHS = (
					"$(inherited)",
					"@executable_path/Frameworks",
				);
				MARKETING_VERSION = 1.0;
				PRODUCT_BUNDLE_IDENTIFIER = "com.example.apple.iOS-Pemula";
				PRODUCT_NAME = "$(TARGET_NAME)";
				SWIFT_EMIT_LOC_STRINGS = YES;
				SWIFT_VERSION = 5.0;
				TARGETED_DEVICE_FAMILY = "1,2";
			};
			name = Debug;
		};
		77DC30782A1DB7C9005F0BBF /* Release */ = {
			isa = XCBuildConfiguration;
			buildSettings = {
				ASSETCATALOG_COMPILER_APPICON_NAME = AppIcon;
				ASSETCATALOG_COMPILER_GLOBAL_ACCENT_COLOR_NAME = AccentColor;
				CODE_SIGN_STYLE = Automatic;
				CURRENT_PROJECT_VERSION = 1;
				DEVELOPMENT_ASSET_PATHS = "\"iOS-Pemula/Preview Content\"";
				DEVELOPMENT_TEAM = DYXBWDG6F4;
				ENABLE_PREVIEWS = YES;
				GENERATE_INFOPLIST_FILE = YES;
				INFOPLIST_KEY_UIApplicationSceneManifest_Generation = YES;
				INFOPLIST_KEY_UIApplicationSupportsIndirectInputEvents = YES;
				INFOPLIST_KEY_UILaunchScreen_Generation = YES;
				INFOPLIST_KEY_UISupportedInterfaceOrientations_iPad = "UIInterfaceOrientationPortrait UIInterfaceOrientationPortraitUpsideDown UIInterfaceOrientationLandscapeLeft UIInterfaceOrientationLandscapeRight";
				INFOPLIST_KEY_UISupportedInterfaceOrientations_iPhone = "UIInterfaceOrientationPortrait UIInterfaceOrientationLandscapeLeft UIInterfaceOrientationLandscapeRight";
				LD_RUNPATH_SEARCH_PATHS = (
					"$(inherited)",
					"@executable_path/Frameworks",
				);
				MARKETING_VERSION = 1.0;
				PRODUCT_BUNDLE_IDENTIFIER = "com.example.apple.iOS-Pemula";
				PRODUCT_NAME = "$(TARGET_NAME)";
				SWIFT_EMIT_LOC_STRINGS = YES;
				SWIFT_VERSION = 5.0;
				TARGETED_DEVICE_FAMILY = "1,2";
			};
			name = Release;
		};
/* End XCBuildConfiguration section */

/* Begin XCConfigurationList section */
		77DC30632A1DB7C8005F0BBF /* Build configuration list for PBXProject "iOS-Pemula" */ = {
			isa = XCConfigurationList;
			buildConfigurations = (
				77DC30742A1DB7C9005F0BBF /* Debug */,
				77DC30752A1DB7C9005F0BBF /* Release */,
			);
			defaultConfigurationIsVisible = 0;
			defaultConfigurationName = Release;
		};
		77DC30762A1DB7C9005F0BBF /* Build configuration list for PBXNativeTarget "iOS-Pemula" */ = {
			isa = XCConfigurationList;
			buildConfigurations = (
				77DC30772A1DB7C9005F0BBF /* Debug */,
				77DC30782A1DB7C9005F0BBF /* Release */,
			);
			defaultConfigurationIsVisible = 0;
			defaultConfigurationName = Release;
		};
/* End XCConfigurationList section */

/* Begin XCRemoteSwiftPackageReference section */
		778AD28A2A35F628008CBC63 /* XCRemoteSwiftPackageReference "Alamofire" */ = {
			isa = XCRemoteSwiftPackageReference;
			repositoryURL = "https://github.com/Alamofire/Alamofire.git";
			requirement = {
				kind = upToNextMajorVersion;
				minimumVersion = 5.0.0;
			};
		};
		778AD28D2A35F63C008CBC63 /* XCRemoteSwiftPackageReference "SwiftyJSON" */ = {
			isa = XCRemoteSwiftPackageReference;
			repositoryURL = "https://github.com/SwiftyJSON/SwiftyJSON.git";
			requirement = {
				kind = upToNextMajorVersion;
				minimumVersion = 5.0.0;
			};
		};
		77D20E592A39BEBA00EA4FFF /* XCRemoteSwiftPackageReference "SDWebImageSwiftUI" */ = {
			isa = XCRemoteSwiftPackageReference;
			repositoryURL = "https://github.com/SDWebImage/SDWebImageSwiftUI";
			requirement = {
				kind = upToNextMajorVersion;
				minimumVersion = 2.0.0;
			};
		};
/* End XCRemoteSwiftPackageReference section */

/* Begin XCSwiftPackageProductDependency section */
		778AD28B2A35F628008CBC63 /* Alamofire */ = {
			isa = XCSwiftPackageProductDependency;
			package = 778AD28A2A35F628008CBC63 /* XCRemoteSwiftPackageReference "Alamofire" */;
			productName = Alamofire;
		};
		778AD28E2A35F63C008CBC63 /* SwiftyJSON */ = {
			isa = XCSwiftPackageProductDependency;
			package = 778AD28D2A35F63C008CBC63 /* XCRemoteSwiftPackageReference "SwiftyJSON" */;
			productName = SwiftyJSON;
		};
		77D20E5A2A39BEBA00EA4FFF /* SDWebImageSwiftUI */ = {
			isa = XCSwiftPackageProductDependency;
			package = 77D20E592A39BEBA00EA4FFF /* XCRemoteSwiftPackageReference "SDWebImageSwiftUI" */;
			productName = SDWebImageSwiftUI;
		};
/* End XCSwiftPackageProductDependency section */
	};
	rootObject = 77DC30602A1DB7C8005F0BBF /* Project object */;
}
